
Microsoft Visual Studio Solution File, Format Version 12.00
# Visual Studio Version 17
VisualStudioVersion = 17.12.35707.178 d17.12
MinimumVisualStudioVersion = 10.0.40219.1
Project("{FAE04EC0-301F-11D3-BF4B-00C04F79EFBC}") = "day2jagged arrays", "day2jagged arrays\day2jagged arrays.csproj", "{A8F418C4-5ED8-4BCC-906C-EB5E67C457F2}"
EndProject
Project("{FAE04EC0-301F-11D3-BF4B-00C04F79EFBC}") = "day2multidimensionalarray", "day2multidimensionalarray\day2multidimensionalarray.csproj", "{C3C7A523-8013-45D1-B441-078F6C6CC3C4}"
EndProject
Project("{FAE04EC0-301F-11D3-BF4B-00C04F79EFBC}") = "day2jaggedwithoutuserinput", "day2jaggedwithoutuserinput\day2jaggedwithoutuserinput.csproj", "{DA944ADB-AFAA-43AF-AE48-FCAF76322999}"
EndProject
Project("{FAE04EC0-301F-11D3-BF4B-00C04F79EFBC}") = "day2jaggedarraywithuserinput", "day2jaggedarraywithuserinput\day2jaggedarraywithuserinput.csproj", "{F4816F1D-9007-4489-98E7-66B3B888F7C7}"
EndProject
Project("{FAE04EC0-301F-11D3-BF4B-00C04F79EFBC}") = "day2conditionalstatements", "day2conditionalstatements\day2conditionalstatements.csproj", "{73944F2D-4BB2-4E73-9E6B-3944675A90B7}"
EndProject
Project("{FAE04EC0-301F-11D3-BF4B-00C04F79EFBC}") = "day2looping", "day2looping\day2looping.csproj", "{1D052195-0C73-4489-AF9B-06B66D98AB15}"
EndProject
Project("{FAE04EC0-301F-11D3-BF4B-00C04F79EFBC}") = "day2democlass", "day2democlass\day2democlass.csproj", "{3E1FA4C6-6060-4C8B-8C03-B611C88DCD15}"
EndProject
Global
	GlobalSection(SolutionConfigurationPlatforms) = preSolution
		Debug|Any CPU = Debug|Any CPU
		Release|Any CPU = Release|Any CPU
	EndGlobalSection
	GlobalSection(ProjectConfigurationPlatforms) = postSolution
		{A8F418C4-5ED8-4BCC-906C-EB5E67C457F2}.Debug|Any CPU.ActiveCfg = Debug|Any CPU
		{A8F418C4-5ED8-4BCC-906C-EB5E67C457F2}.Debug|Any CPU.Build.0 = Debug|Any CPU
		{A8F418C4-5ED8-4BCC-906C-EB5E67C457F2}.Release|Any CPU.ActiveCfg = Release|Any CPU
		{A8F418C4-5ED8-4BCC-906C-EB5E67C457F2}.Release|Any CPU.Build.0 = Release|Any CPU
		{C3C7A523-8013-45D1-B441-078F6C6CC3C4}.Debug|Any CPU.ActiveCfg = Debug|Any CPU
		{C3C7A523-8013-45D1-B441-078F6C6CC3C4}.Debug|Any CPU.Build.0 = Debug|Any CPU
		{C3C7A523-8013-45D1-B441-078F6C6CC3C4}.Release|Any CPU.ActiveCfg = Release|Any CPU
		{C3C7A523-8013-45D1-B441-078F6C6CC3C4}.Release|Any CPU.Build.0 = Release|Any CPU
		{DA944ADB-AFAA-43AF-AE48-FCAF76322999}.Debug|Any CPU.ActiveCfg = Debug|Any CPU
		{DA944ADB-AFAA-43AF-AE48-FCAF76322999}.Debug|Any CPU.Build.0 = Debug|Any CPU
		{DA944ADB-AFAA-43AF-AE48-FCAF76322999}.Release|Any CPU.ActiveCfg = Release|Any CPU
		{DA944ADB-AFAA-43AF-AE48-FCAF76322999}.Release|Any CPU.Build.0 = Release|Any CPU
		{F4816F1D-9007-4489-98E7-66B3B888F7C7}.Debug|Any CPU.ActiveCfg = Debug|Any CPU
		{F4816F1D-9007-4489-98E7-66B3B888F7C7}.Debug|Any CPU.Build.0 = Debug|Any CPU
		{F4816F1D-9007-4489-98E7-66B3B888F7C7}.Release|Any CPU.ActiveCfg = Release|Any CPU
		{F4816F1D-9007-4489-98E7-66B3B888F7C7}.Release|Any CPU.Build.0 = Release|Any CPU
		{73944F2D-4BB2-4E73-9E6B-3944675A90B7}.Debug|Any CPU.ActiveCfg = Debug|Any CPU
		{73944F2D-4BB2-4E73-9E6B-3944675A90B7}.Debug|Any CPU.Build.0 = Debug|Any CPU
		{73944F2D-4BB2-4E73-9E6B-3944675A90B7}.Release|Any CPU.ActiveCfg = Release|Any CPU
		{73944F2D-4BB2-4E73-9E6B-3944675A90B7}.Release|Any CPU.Build.0 = Release|Any CPU
		{1D052195-0C73-4489-AF9B-06B66D98AB15}.Debug|Any CPU.ActiveCfg = Debug|Any CPU
		{1D052195-0C73-4489-AF9B-06B66D98AB15}.Debug|Any CPU.Build.0 = Debug|Any CPU
		{1D052195-0C73-4489-AF9B-06B66D98AB15}.Release|Any CPU.ActiveCfg = Release|Any CPU
		{1D052195-0C73-4489-AF9B-06B66D98AB15}.Release|Any CPU.Build.0 = Release|Any CPU
		{3E1FA4C6-6060-4C8B-8C03-B611C88DCD15}.Debug|Any CPU.ActiveCfg = Debug|Any CPU
		{3E1FA4C6-6060-4C8B-8C03-B611C88DCD15}.Debug|Any CPU.Build.0 = Debug|Any CPU
		{3E1FA4C6-6060-4C8B-8C03-B611C88DCD15}.Release|Any CPU.ActiveCfg = Release|Any CPU
		{3E1FA4C6-6060-4C8B-8C03-B611C88DCD15}.Release|Any CPU.Build.0 = Release|Any CPU
	EndGlobalSection
	GlobalSection(SolutionProperties) = preSolution
		HideSolutionNode = FALSE
	EndGlobalSection
EndGlobal
